// !$*UTF8*$!
{
	archiveVersion = 1;
	classes = {
	};
	objectVersion = 50;
	objects = {

/* Begin PBXBuildFile section */
		1D20D620267F7F8F0031E2E7 /* LoginViewController.swift in Sources */ = {isa = PBXBuildFile; fileRef = 1D20D61F267F7F8F0031E2E7 /* LoginViewController.swift */; };
		1D20D622267F7FA30031E2E7 /* SignupViewController.swift in Sources */ = {isa = PBXBuildFile; fileRef = 1D20D621267F7FA30031E2E7 /* SignupViewController.swift */; };
		1D318295267EF9180046ABBB /* User.swift in Sources */ = {isa = PBXBuildFile; fileRef = 1D318294267EF9180046ABBB /* User.swift */; };
		1D4F3D0D267EEC6800C932B0 /* AppDelegate.swift in Sources */ = {isa = PBXBuildFile; fileRef = 1D4F3D0C267EEC6800C932B0 /* AppDelegate.swift */; };
		1D4F3D0F267EEC6800C932B0 /* SceneDelegate.swift in Sources */ = {isa = PBXBuildFile; fileRef = 1D4F3D0E267EEC6800C932B0 /* SceneDelegate.swift */; };
		1D4F3D11267EEC6800C932B0 /* UserViewController.swift in Sources */ = {isa = PBXBuildFile; fileRef = 1D4F3D10267EEC6800C932B0 /* UserViewController.swift */; };
		1D4F3D14267EEC6800C932B0 /* Main.storyboard in Resources */ = {isa = PBXBuildFile; fileRef = 1D4F3D12267EEC6800C932B0 /* Main.storyboard */; };
		1D4F3D17267EEC6800C932B0 /* lint.xcdatamodeld in Sources */ = {isa = PBXBuildFile; fileRef = 1D4F3D15267EEC6800C932B0 /* lint.xcdatamodeld */; };
		1D4F3D19267EEC6A00C932B0 /* Assets.xcassets in Resources */ = {isa = PBXBuildFile; fileRef = 1D4F3D18267EEC6A00C932B0 /* Assets.xcassets */; };
		1D4F3D1C267EEC6A00C932B0 /* LaunchScreen.storyboard in Resources */ = {isa = PBXBuildFile; fileRef = 1D4F3D1A267EEC6A00C932B0 /* LaunchScreen.storyboard */; };
		1D60E908267F06180043E532 /* Video.swift in Sources */ = {isa = PBXBuildFile; fileRef = 1D60E907267F06180043E532 /* Video.swift */; };
/* End PBXBuildFile section */

/* Begin PBXFileReference section */
		1D20D61F267F7F8F0031E2E7 /* LoginViewController.swift */ = {isa = PBXFileReference; lastKnownFileType = sourcecode.swift; path = LoginViewController.swift; sourceTree = "<group>"; };
		1D20D621267F7FA30031E2E7 /* SignupViewController.swift */ = {isa = PBXFileReference; lastKnownFileType = sourcecode.swift; path = SignupViewController.swift; sourceTree = "<group>"; };
		1D318294267EF9180046ABBB /* User.swift */ = {isa = PBXFileReference; lastKnownFileType = sourcecode.swift; path = User.swift; sourceTree = "<group>"; };
		1D4F3D09267EEC6800C932B0 /* lint.app */ = {isa = PBXFileReference; explicitFileType = wrapper.application; includeInIndex = 0; path = lint.app; sourceTree = BUILT_PRODUCTS_DIR; };
		1D4F3D0C267EEC6800C932B0 /* AppDelegate.swift */ = {isa = PBXFileReference; lastKnownFileType = sourcecode.swift; path = AppDelegate.swift; sourceTree = "<group>"; };
		1D4F3D0E267EEC6800C932B0 /* SceneDelegate.swift */ = {isa = PBXFileReference; lastKnownFileType = sourcecode.swift; path = SceneDelegate.swift; sourceTree = "<group>"; };
		1D4F3D10267EEC6800C932B0 /* UserViewController.swift */ = {isa = PBXFileReference; lastKnownFileType = sourcecode.swift; path = UserViewController.swift; sourceTree = "<group>"; };
		1D4F3D13267EEC6800C932B0 /* Base */ = {isa = PBXFileReference; lastKnownFileType = file.storyboard; name = Base; path = Base.lproj/Main.storyboard; sourceTree = "<group>"; };
		1D4F3D16267EEC6800C932B0 /* lint.xcdatamodel */ = {isa = PBXFileReference; lastKnownFileType = wrapper.xcdatamodel; path = lint.xcdatamodel; sourceTree = "<group>"; };
		1D4F3D18267EEC6A00C932B0 /* Assets.xcassets */ = {isa = PBXFileReference; lastKnownFileType = folder.assetcatalog; path = Assets.xcassets; sourceTree = "<group>"; };
		1D4F3D1B267EEC6A00C932B0 /* Base */ = {isa = PBXFileReference; lastKnownFileType = file.storyboard; name = Base; path = Base.lproj/LaunchScreen.storyboard; sourceTree = "<group>"; };
		1D4F3D1D267EEC6A00C932B0 /* Info.plist */ = {isa = PBXFileReference; lastKnownFileType = text.plist.xml; path = Info.plist; sourceTree = "<group>"; };
		1D60E907267F06180043E532 /* Video.swift */ = {isa = PBXFileReference; lastKnownFileType = sourcecode.swift; path = Video.swift; sourceTree = "<group>"; };
/* End PBXFileReference section */

/* Begin PBXFrameworksBuildPhase section */
		1D4F3D06267EEC6800C932B0 /* Frameworks */ = {
			isa = PBXFrameworksBuildPhase;
			buildActionMask = 2147483647;
			files = (
			);
			runOnlyForDeploymentPostprocessing = 0;
		};
/* End PBXFrameworksBuildPhase section */

/* Begin PBXGroup section */
		1D318291267EF8B40046ABBB /* View Controllers */ = {
			isa = PBXGroup;
			children = (
				1D4F3D10267EEC6800C932B0 /* UserViewController.swift */,
				1D20D61F267F7F8F0031E2E7 /* LoginViewController.swift */,
				1D20D621267F7FA30031E2E7 /* SignupViewController.swift */,
			);
			path = "View Controllers";
			sourceTree = "<group>";
		};
		1D318292267EF8BE0046ABBB /* Models */ = {
			isa = PBXGroup;
			children = (
				1D318294267EF9180046ABBB /* User.swift */,
				1D60E907267F06180043E532 /* Video.swift */,
			);
			path = Models;
			sourceTree = "<group>";
		};
		1D318293267EF8D20046ABBB /* Delegates */ = {
			isa = PBXGroup;
			children = (
				1D4F3D0C267EEC6800C932B0 /* AppDelegate.swift */,
				1D4F3D0E267EEC6800C932B0 /* SceneDelegate.swift */,
			);
			path = Delegates;
			sourceTree = "<group>";
		};
		1D4F3D00267EEC6800C932B0 = {
			isa = PBXGroup;
			children = (
				1D4F3D0B267EEC6800C932B0 /* lint */,
				1D4F3D0A267EEC6800C932B0 /* Products */,
			);
			sourceTree = "<group>";
		};
		1D4F3D0A267EEC6800C932B0 /* Products */ = {
			isa = PBXGroup;
			children = (
				1D4F3D09267EEC6800C932B0 /* lint.app */,
			);
			name = Products;
			sourceTree = "<group>";
		};
		1D4F3D0B267EEC6800C932B0 /* lint */ = {
			isa = PBXGroup;
			children = (
				1D318293267EF8D20046ABBB /* Delegates */,
				1D318292267EF8BE0046ABBB /* Models */,
				1D318291267EF8B40046ABBB /* View Controllers */,
				1D4F3D12267EEC6800C932B0 /* Main.storyboard */,
				1D4F3D1A267EEC6A00C932B0 /* LaunchScreen.storyboard */,
				1D4F3D18267EEC6A00C932B0 /* Assets.xcassets */,
				1D4F3D1D267EEC6A00C932B0 /* Info.plist */,
				1D4F3D15267EEC6800C932B0 /* lint.xcdatamodeld */,
			);
			path = lint;
			sourceTree = "<group>";
		};
/* End PBXGroup section */

/* Begin PBXNativeTarget section */
		1D4F3D08267EEC6800C932B0 /* lint */ = {
			isa = PBXNativeTarget;
			buildConfigurationList = 1D4F3D20267EEC6A00C932B0 /* Build configuration list for PBXNativeTarget "lint" */;
			buildPhases = (
				1D4F3D05267EEC6800C932B0 /* Sources */,
				1D4F3D06267EEC6800C932B0 /* Frameworks */,
				1D4F3D07267EEC6800C932B0 /* Resources */,
			);
			buildRules = (
			);
			dependencies = (
			);
			name = lint;
			productName = lint;
			productReference = 1D4F3D09267EEC6800C932B0 /* lint.app */;
			productType = "com.apple.product-type.application";
		};
/* End PBXNativeTarget section */

/* Begin PBXProject section */
		1D4F3D01267EEC6800C932B0 /* Project object */ = {
			isa = PBXProject;
			attributes = {
				LastSwiftUpdateCheck = 1250;
				LastUpgradeCheck = 1250;
				TargetAttributes = {
					1D4F3D08267EEC6800C932B0 = {
						CreatedOnToolsVersion = 12.5;
					};
				};
			};
			buildConfigurationList = 1D4F3D04267EEC6800C932B0 /* Build configuration list for PBXProject "lint" */;
			compatibilityVersion = "Xcode 9.3";
			developmentRegion = en;
			hasScannedForEncodings = 0;
			knownRegions = (
				en,
				Base,
			);
			mainGroup = 1D4F3D00267EEC6800C932B0;
			productRefGroup = 1D4F3D0A267EEC6800C932B0 /* Products */;
			projectDirPath = "";
			projectRoot = "";
			targets = (
				1D4F3D08267EEC6800C932B0 /* lint */,
			);
		};
/* End PBXProject section */

/* Begin PBXResourcesBuildPhase section */
		1D4F3D07267EEC6800C932B0 /* Resources */ = {
			isa = PBXResourcesBuildPhase;
			buildActionMask = 2147483647;
			files = (
				1D4F3D1C267EEC6A00C932B0 /* LaunchScreen.storyboard in Resources */,
				1D4F3D19267EEC6A00C932B0 /* Assets.xcassets in Resources */,
				1D4F3D14267EEC6800C932B0 /* Main.storyboard in Resources */,
			);
			runOnlyForDeploymentPostprocessing = 0;
		};
/* End PBXResourcesBuildPhase section */

/* Begin PBXSourcesBuildPhase section */
		1D4F3D05267EEC6800C932B0 /* Sources */ = {
			isa = PBXSourcesBuildPhase;
			buildActionMask = 2147483647;
			files = (
				1D20D620267F7F8F0031E2E7 /* LoginViewController.swift in Sources */,
				1D4F3D17267EEC6800C932B0 /* lint.xcdatamodeld in Sources */,
				1D60E908267F06180043E532 /* Video.swift in Sources */,
				1D4F3D11267EEC6800C932B0 /* UserViewController.swift in Sources */,
				1D4F3D0D267EEC6800C932B0 /* AppDelegate.swift in Sources */,
				1D20D622267F7FA30031E2E7 /* SignupViewController.swift in Sources */,
				1D318295267EF9180046ABBB /* User.swift in Sources */,
				1D4F3D0F267EEC6800C932B0 /* SceneDelegate.swift in Sources */,
			);
			runOnlyForDeploymentPostprocessing = 0;
		};
/* End PBXSourcesBuildPhase section */

/* Begin PBXVariantGroup section */
		1D4F3D12267EEC6800C932B0 /* Main.storyboard */ = {
			isa = PBXVariantGroup;
			children = (
				1D4F3D13267EEC6800C932B0 /* Base */,
			);
			name = Main.storyboard;
			sourceTree = "<group>";
		};
		1D4F3D1A267EEC6A00C932B0 /* LaunchScreen.storyboard */ = {
			isa = PBXVariantGroup;
			children = (
				1D4F3D1B267EEC6A00C932B0 /* Base */,
			);
			name = LaunchScreen.storyboard;
			sourceTree = "<group>";
		};
/* End PBXVariantGroup section */

/* Begin XCBuildConfiguration section */
		1D4F3D1E267EEC6A00C932B0 /* Debug */ = {
			isa = XCBuildConfiguration;
			buildSettings = {
				ALWAYS_SEARCH_USER_PATHS = NO;
				CLANG_ANALYZER_NONNULL = YES;
				CLANG_ANALYZER_NUMBER_OBJECT_CONVERSION = YES_AGGRESSIVE;
				CLANG_CXX_LANGUAGE_STANDARD = "gnu++14";
				CLANG_CXX_LIBRARY = "libc++";
				CLANG_ENABLE_MODULES = YES;
				CLANG_ENABLE_OBJC_ARC = YES;
				CLANG_ENABLE_OBJC_WEAK = YES;
				CLANG_WARN_BLOCK_CAPTURE_AUTORELEASING = YES;
				CLANG_WARN_BOOL_CONVERSION = YES;
				CLANG_WARN_COMMA = YES;
				CLANG_WARN_CONSTANT_CONVERSION = YES;
				CLANG_WARN_DEPRECATED_OBJC_IMPLEMENTATIONS = YES;
				CLANG_WARN_DIRECT_OBJC_ISA_USAGE = YES_ERROR;
				CLANG_WARN_DOCUMENTATION_COMMENTS = YES;
				CLANG_WARN_EMPTY_BODY = YES;
				CLANG_WARN_ENUM_CONVERSION = YES;
				CLANG_WARN_INFINITE_RECURSION = YES;
				CLANG_WARN_INT_CONVERSION = YES;
				CLANG_WARN_NON_LITERAL_NULL_CONVERSION = YES;
				CLANG_WARN_OBJC_IMPLICIT_RETAIN_SELF = YES;
				CLANG_WARN_OBJC_LITERAL_CONVERSION = YES;
				CLANG_WARN_OBJC_ROOT_CLASS = YES_ERROR;
				CLANG_WARN_QUOTED_INCLUDE_IN_FRAMEWORK_HEADER = YES;
				CLANG_WARN_RANGE_LOOP_ANALYSIS = YES;
				CLANG_WARN_STRICT_PROTOTYPES = YES;
				CLANG_WARN_SUSPICIOUS_MOVE = YES;
				CLANG_WARN_UNGUARDED_AVAILABILITY = YES_AGGRESSIVE;
				CLANG_WARN_UNREACHABLE_CODE = YES;
				CLANG_WARN__DUPLICATE_METHOD_MATCH = YES;
				COPY_PHASE_STRIP = NO;
				DEBUG_INFORMATION_FORMAT = dwarf;
				ENABLE_STRICT_OBJC_MSGSEND = YES;
				ENABLE_TESTABILITY = YES;
				GCC_C_LANGUAGE_STANDARD = gnu11;
				GCC_DYNAMIC_NO_PIC = NO;
				GCC_NO_COMMON_BLOCKS = YES;
				GCC_OPTIMIZATION_LEVEL = 0;
				GCC_PREPROCESSOR_DEFINITIONS = (
					"DEBUG=1",
					"$(inherited)",
				);
				GCC_WARN_64_TO_32_BIT_CONVERSION = YES;
				GCC_WARN_ABOUT_RETURN_TYPE = YES_ERROR;
				GCC_WARN_UNDECLARED_SELECTOR = YES;
				GCC_WARN_UNINITIALIZED_AUTOS = YES_AGGRESSIVE;
				GCC_WARN_UNUSED_FUNCTION = YES;
				GCC_WARN_UNUSED_VARIABLE = YES;
				IPHONEOS_DEPLOYMENT_TARGET = 14.5;
				MTL_ENABLE_DEBUG_INFO = INCLUDE_SOURCE;
				MTL_FAST_MATH = YES;
				ONLY_ACTIVE_ARCH = YES;
				SDKROOT = iphoneos;
				SWIFT_ACTIVE_COMPILATION_CONDITIONS = DEBUG;
				SWIFT_OPTIMIZATION_LEVEL = "-Onone";
			};
			name = Debug;
		};
		1D4F3D1F267EEC6A00C932B0 /* Release */ = {
			isa = XCBuildConfiguration;
			buildSettings = {
				ALWAYS_SEARCH_USER_PATHS = NO;
				CLANG_ANALYZER_NONNULL = YES;
				CLANG_ANALYZER_NUMBER_OBJECT_CONVERSION = YES_AGGRESSIVE;
				CLANG_CXX_LANGUAGE_STANDARD = "gnu++14";
				CLANG_CXX_LIBRARY = "libc++";
				CLANG_ENABLE_MODULES = YES;
				CLANG_ENABLE_OBJC_ARC = YES;
				CLANG_ENABLE_OBJC_WEAK = YES;
				CLANG_WARN_BLOCK_CAPTURE_AUTORELEASING = YES;
				CLANG_WARN_BOOL_CONVERSION = YES;
				CLANG_WARN_COMMA = YES;
				CLANG_WARN_CONSTANT_CONVERSION = YES;
				CLANG_WARN_DEPRECATED_OBJC_IMPLEMENTATIONS = YES;
				CLANG_WARN_DIRECT_OBJC_ISA_USAGE = YES_ERROR;
				CLANG_WARN_DOCUMENTATION_COMMENTS = YES;
				CLANG_WARN_EMPTY_BODY = YES;
				CLANG_WARN_ENUM_CONVERSION = YES;
				CLANG_WARN_INFINITE_RECURSION = YES;
				CLANG_WARN_INT_CONVERSION = YES;
				CLANG_WARN_NON_LITERAL_NULL_CONVERSION = YES;
				CLANG_WARN_OBJC_IMPLICIT_RETAIN_SELF = YES;
				CLANG_WARN_OBJC_LITERAL_CONVERSION = YES;
				CLANG_WARN_OBJC_ROOT_CLASS = YES_ERROR;
				CLANG_WARN_QUOTED_INCLUDE_IN_FRAMEWORK_HEADER = YES;
				CLANG_WARN_RANGE_LOOP_ANALYSIS = YES;
				CLANG_WARN_STRICT_PROTOTYPES = YES;
				CLANG_WARN_SUSPICIOUS_MOVE = YES;
				CLANG_WARN_UNGUARDED_AVAILABILITY = YES_AGGRESSIVE;
				CLANG_WARN_UNREACHABLE_CODE = YES;
				CLANG_WARN__DUPLICATE_METHOD_MATCH = YES;
				COPY_PHASE_STRIP = NO;
				DEBUG_INFORMATION_FORMAT = "dwarf-with-dsym";
				ENABLE_NS_ASSERTIONS = NO;
				ENABLE_STRICT_OBJC_MSGSEND = YES;
				GCC_C_LANGUAGE_STANDARD = gnu11;
				GCC_NO_COMMON_BLOCKS = YES;
				GCC_WARN_64_TO_32_BIT_CONVERSION = YES;
				GCC_WARN_ABOUT_RETURN_TYPE = YES_ERROR;
				GCC_WARN_UNDECLARED_SELECTOR = YES;
				GCC_WARN_UNINITIALIZED_AUTOS = YES_AGGRESSIVE;
				GCC_WARN_UNUSED_FUNCTION = YES;
				GCC_WARN_UNUSED_VARIABLE = YES;
				IPHONEOS_DEPLOYMENT_TARGET = 14.5;
				MTL_ENABLE_DEBUG_INFO = NO;
				MTL_FAST_MATH = YES;
				SDKROOT = iphoneos;
				SWIFT_COMPILATION_MODE = wholemodule;
				SWIFT_OPTIMIZATION_LEVEL = "-O";
				VALIDATE_PRODUCT = YES;
			};
			name = Release;
		};
		1D4F3D21267EEC6A00C932B0 /* Debug */ = {
			isa = XCBuildConfiguration;
			buildSettings = {
				ASSETCATALOG_COMPILER_APPICON_NAME = AppIcon;
				ASSETCATALOG_COMPILER_GLOBAL_ACCENT_COLOR_NAME = AccentColor;
				CODE_SIGN_IDENTITY = "Apple Development";
				CODE_SIGN_STYLE = Automatic;
				DEVELOPMENT_TEAM = Z2V437A5Q9;
				INFOPLIST_FILE = lint/Info.plist;
				LD_RUNPATH_SEARCH_PATHS = (
					"$(inherited)",
					"@executable_path/Frameworks",
				);
				MARKETING_VERSION = 0.0.1;
				PRODUCT_BUNDLE_IDENTIFIER = com.fyrstertech.lint;
				PRODUCT_NAME = "$(TARGET_NAME)";
				PROVISIONING_PROFILE_SPECIFIER = "";
				SWIFT_VERSION = 5.0;
				TARGETED_DEVICE_FAMILY = 1;
			};
			name = Debug;
		};
		1D4F3D22267EEC6A00C932B0 /* Release */ = {
			isa = XCBuildConfiguration;
			buildSettings = {
				ASSETCATALOG_COMPILER_APPICON_NAME = AppIcon;
				ASSETCATALOG_COMPILER_GLOBAL_ACCENT_COLOR_NAME = AccentColor;
				CODE_SIGN_IDENTITY = "Apple Development";
				CODE_SIGN_STYLE = Automatic;
				DEVELOPMENT_TEAM = Z2V437A5Q9;
				INFOPLIST_FILE = lint/Info.plist;
				LD_RUNPATH_SEARCH_PATHS = (
					"$(inherited)",
					"@executable_path/Frameworks",
				);
				MARKETING_VERSION = 0.0.1;
				PRODUCT_BUNDLE_IDENTIFIER = com.fyrstertech.lint;
				PRODUCT_NAME = "$(TARGET_NAME)";
				PROVISIONING_PROFILE_SPECIFIER = "";
				SWIFT_VERSION = 5.0;
				TARGETED_DEVICE_FAMILY = 1;
			};
			name = Release;
		};
/* End XCBuildConfiguration section */

/* Begin XCConfigurationList section */
		1D4F3D04267EEC6800C932B0 /* Build configuration list for PBXProject "lint" */ = {
			isa = XCConfigurationList;
			buildConfigurations = (
				1D4F3D1E267EEC6A00C932B0 /* Debug */,
				1D4F3D1F267EEC6A00C932B0 /* Release */,
			);
			defaultConfigurationIsVisible = 0;
			defaultConfigurationName = Release;
		};
		1D4F3D20267EEC6A00C932B0 /* Build configuration list for PBXNativeTarget "lint" */ = {
			isa = XCConfigurationList;
			buildConfigurations = (
				1D4F3D21267EEC6A00C932B0 /* Debug */,
				1D4F3D22267EEC6A00C932B0 /* Release */,
			);
			defaultConfigurationIsVisible = 0;
			defaultConfigurationName = Release;
		};
/* End XCConfigurationList section */

/* Begin XCVersionGroup section */
		1D4F3D15267EEC6800C932B0 /* lint.xcdatamodeld */ = {
			isa = XCVersionGroup;
			children = (
				1D4F3D16267EEC6800C932B0 /* lint.xcdatamodel */,
			);
			currentVersion = 1D4F3D16267EEC6800C932B0 /* lint.xcdatamodel */;
			path = lint.xcdatamodeld;
			sourceTree = "<group>";
			versionGroupType = wrapper.xcdatamodel;
		};
/* End XCVersionGroup section */
	};
	rootObject = 1D4F3D01267EEC6800C932B0 /* Project object */;
}
